{
    "_readme": [
        "This file locks the dependencies of your project to a known state",
        "Read more about it at https://getcomposer.org/doc/01-basic-usage.md#installing-dependencies",
        "This file is @generated automatically"
    ],
    "content-hash": "5c559adff2f87c44b5857f342b58d911",
    "packages": [
        {
            "name": "cinetpay/cinetpay-php",
            "version": "1.9.2",
            "source": {
                "type": "git",
                "url": "https://github.com/cinetpay/cinetpay-php-legacy.git",
                "reference": "8a4a53bce076036fc5d6781bee839719780f2028"
            },
            "dist": {
                "type": "zip",
                "url": "https://api.github.com/repos/cinetpay/cinetpay-php-legacy/zipball/8a4a53bce076036fc5d6781bee839719780f2028",
                "reference": "8a4a53bce076036fc5d6781bee839719780f2028",
                "shasum": ""
            },
            "require": {
                "ext-curl": "*",
                "ext-json": "*",
                "php": ">=5.6.0"
            },
            "type": "library",
            "autoload": {
                "psr-0": {
                    "CinetPay": "src/"
                }
            },
            "notification-url": "https://packagist.org/downloads/",
            "license": [
                "MIT"
            ],
            "authors": [
                {
                    "name": "Fawaz Adisa",
                    "email": "adisaf@programmer.net",
                    "role": "Developer"
                }
            ],
            "description": "easily integrate cinetpay's gateway on your php web site.",
            "homepage": "https://github.com/cinetpay/cinetpay-php-legacy",
            "keywords": [
                "cinetpay",
                "integration",
                "mobile",
                "money"
            ],
            "support": {
                "email": "support@cinetpay.com",
                "issues": "https://github.com/cinetpay/cinetpay-php-legacy/issues",
                "source": "https://github.com/cinetpay/cinetpay-php-legacy/tree/v1.9.2"
            },
            "time": "2020-11-30T00:00:00+00:00"
        }
    ],
    "packages-dev": [],
    "aliases": [],
    "minimum-stability": "stable",
    "stability-flags": [],
    "prefer-stable": false,
    "prefer-lowest": false,
    "platform": [],
    "platform-dev": [],
    "plugin-api-version": "2.3.0"
}
